// !$*UTF8*$!
{
	archiveVersion = 1;
	classes = {
	};
	objectVersion = 55;
	objects = {

/* Begin PBXBuildFile section */
		BC3F564728C222CF00952856 /* AppDelegate.swift in Sources */ = {isa = PBXBuildFile; fileRef = BC3F564628C222CF00952856 /* AppDelegate.swift */; };
		BC3F564928C222CF00952856 /* SceneDelegate.swift in Sources */ = {isa = PBXBuildFile; fileRef = BC3F564828C222CF00952856 /* SceneDelegate.swift */; };
		BC3F564B28C222CF00952856 /* ExpenseListViewController.swift in Sources */ = {isa = PBXBuildFile; fileRef = BC3F564A28C222CF00952856 /* ExpenseListViewController.swift */; };
		BC3F564E28C222CF00952856 /* Main.storyboard in Resources */ = {isa = PBXBuildFile; fileRef = BC3F564C28C222CF00952856 /* Main.storyboard */; };
		BC3F565128C222CF00952856 /* ExpenseRegistry.xcdatamodeld in Sources */ = {isa = PBXBuildFile; fileRef = BC3F564F28C222CF00952856 /* ExpenseRegistry.xcdatamodeld */; };
		BC3F565328C222D000952856 /* Assets.xcassets in Resources */ = {isa = PBXBuildFile; fileRef = BC3F565228C222D000952856 /* Assets.xcassets */; };
		BC3F565628C222D000952856 /* LaunchScreen.storyboard in Resources */ = {isa = PBXBuildFile; fileRef = BC3F565428C222D000952856 /* LaunchScreen.storyboard */; };
		BC3F566128C222D000952856 /* ExpenseRegistryTests.swift in Sources */ = {isa = PBXBuildFile; fileRef = BC3F566028C222D000952856 /* ExpenseRegistryTests.swift */; };
		BC3F566B28C222D000952856 /* ExpenseRegistryUITests.swift in Sources */ = {isa = PBXBuildFile; fileRef = BC3F566A28C222D000952856 /* ExpenseRegistryUITests.swift */; };
		BC3F566D28C222D000952856 /* ExpenseRegistryUITestsLaunchTests.swift in Sources */ = {isa = PBXBuildFile; fileRef = BC3F566C28C222D000952856 /* ExpenseRegistryUITestsLaunchTests.swift */; };
		BC3F567A28C2296F00952856 /* Persistence.swift in Sources */ = {isa = PBXBuildFile; fileRef = BC3F567928C2296F00952856 /* Persistence.swift */; };
		BC3F568028C2343100952856 /* Expense.swift in Sources */ = {isa = PBXBuildFile; fileRef = BC3F567F28C2343100952856 /* Expense.swift */; };
/* End PBXBuildFile section */

/* Begin PBXContainerItemProxy section */
		BC3F565D28C222D000952856 /* PBXContainerItemProxy */ = {
			isa = PBXContainerItemProxy;
			containerPortal = BC3F563B28C222CF00952856 /* Project object */;
			proxyType = 1;
			remoteGlobalIDString = BC3F564228C222CF00952856;
			remoteInfo = ExpenseRegistry;
		};
		BC3F566728C222D000952856 /* PBXContainerItemProxy */ = {
			isa = PBXContainerItemProxy;
			containerPortal = BC3F563B28C222CF00952856 /* Project object */;
			proxyType = 1;
			remoteGlobalIDString = BC3F564228C222CF00952856;
			remoteInfo = ExpenseRegistry;
		};
/* End PBXContainerItemProxy section */

/* Begin PBXFileReference section */
		BC3F564328C222CF00952856 /* ExpenseRegistry.app */ = {isa = PBXFileReference; explicitFileType = wrapper.application; includeInIndex = 0; path = ExpenseRegistry.app; sourceTree = BUILT_PRODUCTS_DIR; };
		BC3F564628C222CF00952856 /* AppDelegate.swift */ = {isa = PBXFileReference; lastKnownFileType = sourcecode.swift; path = AppDelegate.swift; sourceTree = "<group>"; };
		BC3F564828C222CF00952856 /* SceneDelegate.swift */ = {isa = PBXFileReference; lastKnownFileType = sourcecode.swift; path = SceneDelegate.swift; sourceTree = "<group>"; };
		BC3F564A28C222CF00952856 /* ExpenseListViewController.swift */ = {isa = PBXFileReference; lastKnownFileType = sourcecode.swift; path = ExpenseListViewController.swift; sourceTree = "<group>"; };
		BC3F564D28C222CF00952856 /* Base */ = {isa = PBXFileReference; lastKnownFileType = file.storyboard; name = Base; path = Base.lproj/Main.storyboard; sourceTree = "<group>"; };
		BC3F565028C222CF00952856 /* ExpenseRegistry.xcdatamodel */ = {isa = PBXFileReference; lastKnownFileType = wrapper.xcdatamodel; path = ExpenseRegistry.xcdatamodel; sourceTree = "<group>"; };
		BC3F565228C222D000952856 /* Assets.xcassets */ = {isa = PBXFileReference; lastKnownFileType = folder.assetcatalog; path = Assets.xcassets; sourceTree = "<group>"; };
		BC3F565528C222D000952856 /* Base */ = {isa = PBXFileReference; lastKnownFileType = file.storyboard; name = Base; path = Base.lproj/LaunchScreen.storyboard; sourceTree = "<group>"; };
		BC3F565728C222D000952856 /* Info.plist */ = {isa = PBXFileReference; lastKnownFileType = text.plist.xml; path = Info.plist; sourceTree = "<group>"; };
		BC3F565C28C222D000952856 /* ExpenseRegistryTests.xctest */ = {isa = PBXFileReference; explicitFileType = wrapper.cfbundle; includeInIndex = 0; path = ExpenseRegistryTests.xctest; sourceTree = BUILT_PRODUCTS_DIR; };
		BC3F566028C222D000952856 /* ExpenseRegistryTests.swift */ = {isa = PBXFileReference; lastKnownFileType = sourcecode.swift; path = ExpenseRegistryTests.swift; sourceTree = "<group>"; };
		BC3F566628C222D000952856 /* ExpenseRegistryUITests.xctest */ = {isa = PBXFileReference; explicitFileType = wrapper.cfbundle; includeInIndex = 0; path = ExpenseRegistryUITests.xctest; sourceTree = BUILT_PRODUCTS_DIR; };
		BC3F566A28C222D000952856 /* ExpenseRegistryUITests.swift */ = {isa = PBXFileReference; lastKnownFileType = sourcecode.swift; path = ExpenseRegistryUITests.swift; sourceTree = "<group>"; };
		BC3F566C28C222D000952856 /* ExpenseRegistryUITestsLaunchTests.swift */ = {isa = PBXFileReference; lastKnownFileType = sourcecode.swift; path = ExpenseRegistryUITestsLaunchTests.swift; sourceTree = "<group>"; };
		BC3F567928C2296F00952856 /* Persistence.swift */ = {isa = PBXFileReference; lastKnownFileType = sourcecode.swift; path = Persistence.swift; sourceTree = "<group>"; };
		BC3F567F28C2343100952856 /* Expense.swift */ = {isa = PBXFileReference; lastKnownFileType = sourcecode.swift; path = Expense.swift; sourceTree = "<group>"; };
/* End PBXFileReference section */

/* Begin PBXFrameworksBuildPhase section */
		BC3F564028C222CF00952856 /* Frameworks */ = {
			isa = PBXFrameworksBuildPhase;
			buildActionMask = 2147483647;
			files = (
			);
			runOnlyForDeploymentPostprocessing = 0;
		};
		BC3F565928C222D000952856 /* Frameworks */ = {
			isa = PBXFrameworksBuildPhase;
			buildActionMask = 2147483647;
			files = (
			);
			runOnlyForDeploymentPostprocessing = 0;
		};
		BC3F566328C222D000952856 /* Frameworks */ = {
			isa = PBXFrameworksBuildPhase;
			buildActionMask = 2147483647;
			files = (
			);
			runOnlyForDeploymentPostprocessing = 0;
		};
/* End PBXFrameworksBuildPhase section */

/* Begin PBXGroup section */
		BC3F563A28C222CF00952856 = {
			isa = PBXGroup;
			children = (
				BC3F564528C222CF00952856 /* ExpenseRegistry */,
				BC3F565F28C222D000952856 /* ExpenseRegistryTests */,
				BC3F566928C222D000952856 /* ExpenseRegistryUITests */,
				BC3F564428C222CF00952856 /* Products */,
			);
			sourceTree = "<group>";
		};
		BC3F564428C222CF00952856 /* Products */ = {
			isa = PBXGroup;
			children = (
				BC3F564328C222CF00952856 /* ExpenseRegistry.app */,
				BC3F565C28C222D000952856 /* ExpenseRegistryTests.xctest */,
				BC3F566628C222D000952856 /* ExpenseRegistryUITests.xctest */,
			);
			name = Products;
			sourceTree = "<group>";
		};
		BC3F564528C222CF00952856 /* ExpenseRegistry */ = {
			isa = PBXGroup;
			children = (
				BC3F564628C222CF00952856 /* AppDelegate.swift */,
				BC3F564828C222CF00952856 /* SceneDelegate.swift */,
				BC3F564A28C222CF00952856 /* ExpenseListViewController.swift */,
				BC3F567F28C2343100952856 /* Expense.swift */,
				BC3F567928C2296F00952856 /* Persistence.swift */,
				BC3F564C28C222CF00952856 /* Main.storyboard */,
				BC3F565228C222D000952856 /* Assets.xcassets */,
				BC3F565428C222D000952856 /* LaunchScreen.storyboard */,
				BC3F565728C222D000952856 /* Info.plist */,
				BC3F564F28C222CF00952856 /* ExpenseRegistry.xcdatamodeld */,
			);
			path = ExpenseRegistry;
			sourceTree = "<group>";
		};
		BC3F565F28C222D000952856 /* ExpenseRegistryTests */ = {
			isa = PBXGroup;
			children = (
				BC3F566028C222D000952856 /* ExpenseRegistryTests.swift */,
			);
			path = ExpenseRegistryTests;
			sourceTree = "<group>";
		};
		BC3F566928C222D000952856 /* ExpenseRegistryUITests */ = {
			isa = PBXGroup;
			children = (
				BC3F566A28C222D000952856 /* ExpenseRegistryUITests.swift */,
				BC3F566C28C222D000952856 /* ExpenseRegistryUITestsLaunchTests.swift */,
			);
			path = ExpenseRegistryUITests;
			sourceTree = "<group>";
		};
/* End PBXGroup section */

/* Begin PBXNativeTarget section */
		BC3F564228C222CF00952856 /* ExpenseRegistry */ = {
			isa = PBXNativeTarget;
			buildConfigurationList = BC3F567028C222D000952856 /* Build configuration list for PBXNativeTarget "ExpenseRegistry" */;
			buildPhases = (
				BC3F563F28C222CF00952856 /* Sources */,
				BC3F564028C222CF00952856 /* Frameworks */,
				BC3F564128C222CF00952856 /* Resources */,
			);
			buildRules = (
			);
			dependencies = (
			);
			name = ExpenseRegistry;
			productName = ExpenseRegistry;
			productReference = BC3F564328C222CF00952856 /* ExpenseRegistry.app */;
			productType = "com.apple.product-type.application";
		};
		BC3F565B28C222D000952856 /* ExpenseRegistryTests */ = {
			isa = PBXNativeTarget;
			buildConfigurationList = BC3F567328C222D000952856 /* Build configuration list for PBXNativeTarget "ExpenseRegistryTests" */;
			buildPhases = (
				BC3F565828C222D000952856 /* Sources */,
				BC3F565928C222D000952856 /* Frameworks */,
				BC3F565A28C222D000952856 /* Resources */,
			);
			buildRules = (
			);
			dependencies = (
				BC3F565E28C222D000952856 /* PBXTargetDependency */,
			);
			name = ExpenseRegistryTests;
			productName = ExpenseRegistryTests;
			productReference = BC3F565C28C222D000952856 /* ExpenseRegistryTests.xctest */;
			productType = "com.apple.product-type.bundle.unit-test";
		};
		BC3F566528C222D000952856 /* ExpenseRegistryUITests */ = {
			isa = PBXNativeTarget;
			buildConfigurationList = BC3F567628C222D000952856 /* Build configuration list for PBXNativeTarget "ExpenseRegistryUITests" */;
			buildPhases = (
				BC3F566228C222D000952856 /* Sources */,
				BC3F566328C222D000952856 /* Frameworks */,
				BC3F566428C222D000952856 /* Resources */,
			);
			buildRules = (
			);
			dependencies = (
				BC3F566828C222D000952856 /* PBXTargetDependency */,
			);
			name = ExpenseRegistryUITests;
			productName = ExpenseRegistryUITests;
			productReference = BC3F566628C222D000952856 /* ExpenseRegistryUITests.xctest */;
			productType = "com.apple.product-type.bundle.ui-testing";
		};
/* End PBXNativeTarget section */

/* Begin PBXProject section */
		BC3F563B28C222CF00952856 /* Project object */ = {
			isa = PBXProject;
			attributes = {
				BuildIndependentTargetsInParallel = 1;
				LastSwiftUpdateCheck = 1340;
				LastUpgradeCheck = 1340;
				TargetAttributes = {
					BC3F564228C222CF00952856 = {
						CreatedOnToolsVersion = 13.4.1;
					};
					BC3F565B28C222D000952856 = {
						CreatedOnToolsVersion = 13.4.1;
						TestTargetID = BC3F564228C222CF00952856;
					};
					BC3F566528C222D000952856 = {
						CreatedOnToolsVersion = 13.4.1;
						TestTargetID = BC3F564228C222CF00952856;
					};
				};
			};
			buildConfigurationList = BC3F563E28C222CF00952856 /* Build configuration list for PBXProject "ExpenseRegistry" */;
			compatibilityVersion = "Xcode 13.0";
			developmentRegion = en;
			hasScannedForEncodings = 0;
			knownRegions = (
				en,
				Base,
			);
			mainGroup = BC3F563A28C222CF00952856;
			productRefGroup = BC3F564428C222CF00952856 /* Products */;
			projectDirPath = "";
			projectRoot = "";
			targets = (
				BC3F564228C222CF00952856 /* ExpenseRegistry */,
				BC3F565B28C222D000952856 /* ExpenseRegistryTests */,
				BC3F566528C222D000952856 /* ExpenseRegistryUITests */,
			);
		};
/* End PBXProject section */

/* Begin PBXResourcesBuildPhase section */
		BC3F564128C222CF00952856 /* Resources */ = {
			isa = PBXResourcesBuildPhase;
			buildActionMask = 2147483647;
			files = (
				BC3F565628C222D000952856 /* LaunchScreen.storyboard in Resources */,
				BC3F565328C222D000952856 /* Assets.xcassets in Resources */,
				BC3F564E28C222CF00952856 /* Main.storyboard in Resources */,
			);
			runOnlyForDeploymentPostprocessing = 0;
		};
		BC3F565A28C222D000952856 /* Resources */ = {
			isa = PBXResourcesBuildPhase;
			buildActionMask = 2147483647;
			files = (
			);
			runOnlyForDeploymentPostprocessing = 0;
		};
		BC3F566428C222D000952856 /* Resources */ = {
			isa = PBXResourcesBuildPhase;
			buildActionMask = 2147483647;
			files = (
			);
			runOnlyForDeploymentPostprocessing = 0;
		};
/* End PBXResourcesBuildPhase section */

/* Begin PBXSourcesBuildPhase section */
		BC3F563F28C222CF00952856 /* Sources */ = {
			isa = PBXSourcesBuildPhase;
			buildActionMask = 2147483647;
			files = (
				BC3F568028C2343100952856 /* Expense.swift in Sources */,
				BC3F564B28C222CF00952856 /* ExpenseListViewController.swift in Sources */,
				BC3F565128C222CF00952856 /* ExpenseRegistry.xcdatamodeld in Sources */,
				BC3F564728C222CF00952856 /* AppDelegate.swift in Sources */,
				BC3F564928C222CF00952856 /* SceneDelegate.swift in Sources */,
				BC3F567A28C2296F00952856 /* Persistence.swift in Sources */,
			);
			runOnlyForDeploymentPostprocessing = 0;
		};
		BC3F565828C222D000952856 /* Sources */ = {
			isa = PBXSourcesBuildPhase;
			buildActionMask = 2147483647;
			files = (
				BC3F566128C222D000952856 /* ExpenseRegistryTests.swift in Sources */,
			);
			runOnlyForDeploymentPostprocessing = 0;
		};
		BC3F566228C222D000952856 /* Sources */ = {
			isa = PBXSourcesBuildPhase;
			buildActionMask = 2147483647;
			files = (
				BC3F566D28C222D000952856 /* ExpenseRegistryUITestsLaunchTests.swift in Sources */,
				BC3F566B28C222D000952856 /* ExpenseRegistryUITests.swift in Sources */,
			);
			runOnlyForDeploymentPostprocessing = 0;
		};
/* End PBXSourcesBuildPhase section */

/* Begin PBXTargetDependency section */
		BC3F565E28C222D000952856 /* PBXTargetDependency */ = {
			isa = PBXTargetDependency;
			target = BC3F564228C222CF00952856 /* ExpenseRegistry */;
			targetProxy = BC3F565D28C222D000952856 /* PBXContainerItemProxy */;
		};
		BC3F566828C222D000952856 /* PBXTargetDependency */ = {
			isa = PBXTargetDependency;
			target = BC3F564228C222CF00952856 /* ExpenseRegistry */;
			targetProxy = BC3F566728C222D000952856 /* PBXContainerItemProxy */;
		};
/* End PBXTargetDependency section */

/* Begin PBXVariantGroup section */
		BC3F564C28C222CF00952856 /* Main.storyboard */ = {
			isa = PBXVariantGroup;
			children = (
				BC3F564D28C222CF00952856 /* Base */,
			);
			name = Main.storyboard;
			sourceTree = "<group>";
		};
		BC3F565428C222D000952856 /* LaunchScreen.storyboard */ = {
			isa = PBXVariantGroup;
			children = (
				BC3F565528C222D000952856 /* Base */,
			);
			name = LaunchScreen.storyboard;
			sourceTree = "<group>";
		};
/* End PBXVariantGroup section */

/* Begin XCBuildConfiguration section */
		BC3F566E28C222D000952856 /* Debug */ = {
			isa = XCBuildConfiguration;
			buildSettings = {
				ALWAYS_SEARCH_USER_PATHS = NO;
				CLANG_ANALYZER_NONNULL = YES;
				CLANG_ANALYZER_NUMBER_OBJECT_CONVERSION = YES_AGGRESSIVE;
				CLANG_CXX_LANGUAGE_STANDARD = "gnu++17";
				CLANG_ENABLE_MODULES = YES;
				CLANG_ENABLE_OBJC_ARC = YES;
				CLANG_ENABLE_OBJC_WEAK = YES;
				CLANG_WARN_BLOCK_CAPTURE_AUTORELEASING = YES;
				CLANG_WARN_BOOL_CONVERSION = YES;
				CLANG_WARN_COMMA = YES;
				CLANG_WARN_CONSTANT_CONVERSION = YES;
				CLANG_WARN_DEPRECATED_OBJC_IMPLEMENTATIONS = YES;
				CLANG_WARN_DIRECT_OBJC_ISA_USAGE = YES_ERROR;
				CLANG_WARN_DOCUMENTATION_COMMENTS = YES;
				CLANG_WARN_EMPTY_BODY = YES;
				CLANG_WARN_ENUM_CONVERSION = YES;
				CLANG_WARN_INFINITE_RECURSION = YES;
				CLANG_WARN_INT_CONVERSION = YES;
				CLANG_WARN_NON_LITERAL_NULL_CONVERSION = YES;
				CLANG_WARN_OBJC_IMPLICIT_RETAIN_SELF = YES;
				CLANG_WARN_OBJC_LITERAL_CONVERSION = YES;
				CLANG_WARN_OBJC_ROOT_CLASS = YES_ERROR;
				CLANG_WARN_QUOTED_INCLUDE_IN_FRAMEWORK_HEADER = YES;
				CLANG_WARN_RANGE_LOOP_ANALYSIS = YES;
				CLANG_WARN_STRICT_PROTOTYPES = YES;
				CLANG_WARN_SUSPICIOUS_MOVE = YES;
				CLANG_WARN_UNGUARDED_AVAILABILITY = YES_AGGRESSIVE;
				CLANG_WARN_UNREACHABLE_CODE = YES;
				CLANG_WARN__DUPLICATE_METHOD_MATCH = YES;
				COPY_PHASE_STRIP = NO;
				DEBUG_INFORMATION_FORMAT = dwarf;
				ENABLE_STRICT_OBJC_MSGSEND = YES;
				ENABLE_TESTABILITY = YES;
				GCC_C_LANGUAGE_STANDARD = gnu11;
				GCC_DYNAMIC_NO_PIC = NO;
				GCC_NO_COMMON_BLOCKS = YES;
				GCC_OPTIMIZATION_LEVEL = 0;
				GCC_PREPROCESSOR_DEFINITIONS = (
					"DEBUG=1",
					"$(inherited)",
				);
				GCC_WARN_64_TO_32_BIT_CONVERSION = YES;
				GCC_WARN_ABOUT_RETURN_TYPE = YES_ERROR;
				GCC_WARN_UNDECLARED_SELECTOR = YES;
				GCC_WARN_UNINITIALIZED_AUTOS = YES_AGGRESSIVE;
				GCC_WARN_UNUSED_FUNCTION = YES;
				GCC_WARN_UNUSED_VARIABLE = YES;
				IPHONEOS_DEPLOYMENT_TARGET = 15.5;
				MTL_ENABLE_DEBUG_INFO = INCLUDE_SOURCE;
				MTL_FAST_MATH = YES;
				ONLY_ACTIVE_ARCH = YES;
				SDKROOT = iphoneos;
				SWIFT_ACTIVE_COMPILATION_CONDITIONS = DEBUG;
				SWIFT_OPTIMIZATION_LEVEL = "-Onone";
			};
			name = Debug;
		};
		BC3F566F28C222D000952856 /* Release */ = {
			isa = XCBuildConfiguration;
			buildSettings = {
				ALWAYS_SEARCH_USER_PATHS = NO;
				CLANG_ANALYZER_NONNULL = YES;
				CLANG_ANALYZER_NUMBER_OBJECT_CONVERSION = YES_AGGRESSIVE;
				CLANG_CXX_LANGUAGE_STANDARD = "gnu++17";
				CLANG_ENABLE_MODULES = YES;
				CLANG_ENABLE_OBJC_ARC = YES;
				CLANG_ENABLE_OBJC_WEAK = YES;
				CLANG_WARN_BLOCK_CAPTURE_AUTORELEASING = YES;
				CLANG_WARN_BOOL_CONVERSION = YES;
				CLANG_WARN_COMMA = YES;
				CLANG_WARN_CONSTANT_CONVERSION = YES;
				CLANG_WARN_DEPRECATED_OBJC_IMPLEMENTATIONS = YES;
				CLANG_WARN_DIRECT_OBJC_ISA_USAGE = YES_ERROR;
				CLANG_WARN_DOCUMENTATION_COMMENTS = YES;
				CLANG_WARN_EMPTY_BODY = YES;
				CLANG_WARN_ENUM_CONVERSION = YES;
				CLANG_WARN_INFINITE_RECURSION = YES;
				CLANG_WARN_INT_CONVERSION = YES;
				CLANG_WARN_NON_LITERAL_NULL_CONVERSION = YES;
				CLANG_WARN_OBJC_IMPLICIT_RETAIN_SELF = YES;
				CLANG_WARN_OBJC_LITERAL_CONVERSION = YES;
				CLANG_WARN_OBJC_ROOT_CLASS = YES_ERROR;
				CLANG_WARN_QUOTED_INCLUDE_IN_FRAMEWORK_HEADER = YES;
				CLANG_WARN_RANGE_LOOP_ANALYSIS = YES;
				CLANG_WARN_STRICT_PROTOTYPES = YES;
				CLANG_WARN_SUSPICIOUS_MOVE = YES;
				CLANG_WARN_UNGUARDED_AVAILABILITY = YES_AGGRESSIVE;
				CLANG_WARN_UNREACHABLE_CODE = YES;
				CLANG_WARN__DUPLICATE_METHOD_MATCH = YES;
				COPY_PHASE_STRIP = NO;
				DEBUG_INFORMATION_FORMAT = "dwarf-with-dsym";
				ENABLE_NS_ASSERTIONS = NO;
				ENABLE_STRICT_OBJC_MSGSEND = YES;
				GCC_C_LANGUAGE_STANDARD = gnu11;
				GCC_NO_COMMON_BLOCKS = YES;
				GCC_WARN_64_TO_32_BIT_CONVERSION = YES;
				GCC_WARN_ABOUT_RETURN_TYPE = YES_ERROR;
				GCC_WARN_UNDECLARED_SELECTOR = YES;
				GCC_WARN_UNINITIALIZED_AUTOS = YES_AGGRESSIVE;
				GCC_WARN_UNUSED_FUNCTION = YES;
				GCC_WARN_UNUSED_VARIABLE = YES;
				IPHONEOS_DEPLOYMENT_TARGET = 15.5;
				MTL_ENABLE_DEBUG_INFO = NO;
				MTL_FAST_MATH = YES;
				SDKROOT = iphoneos;
				SWIFT_COMPILATION_MODE = wholemodule;
				SWIFT_OPTIMIZATION_LEVEL = "-O";
				VALIDATE_PRODUCT = YES;
			};
			name = Release;
		};
		BC3F567128C222D000952856 /* Debug */ = {
			isa = XCBuildConfiguration;
			buildSettings = {
				ASSETCATALOG_COMPILER_APPICON_NAME = AppIcon;
				ASSETCATALOG_COMPILER_GLOBAL_ACCENT_COLOR_NAME = AccentColor;
				CODE_SIGN_STYLE = Automatic;
				CURRENT_PROJECT_VERSION = 1;
				DEVELOPMENT_TEAM = 83EQM3242U;
				GENERATE_INFOPLIST_FILE = YES;
				INFOPLIST_FILE = ExpenseRegistry/Info.plist;
				INFOPLIST_KEY_UIApplicationSupportsIndirectInputEvents = YES;
				INFOPLIST_KEY_UILaunchStoryboardName = LaunchScreen;
				INFOPLIST_KEY_UIMainStoryboardFile = Main;
				INFOPLIST_KEY_UISupportedInterfaceOrientations_iPad = "UIInterfaceOrientationPortrait UIInterfaceOrientationPortraitUpsideDown UIInterfaceOrientationLandscapeLeft UIInterfaceOrientationLandscapeRight";
				INFOPLIST_KEY_UISupportedInterfaceOrientations_iPhone = "UIInterfaceOrientationPortrait UIInterfaceOrientationLandscapeLeft UIInterfaceOrientationLandscapeRight";
				LD_RUNPATH_SEARCH_PATHS = (
					"$(inherited)",
					"@executable_path/Frameworks",
				);
				MARKETING_VERSION = 1.0;
				PRODUCT_BUNDLE_IDENTIFIER = dk.montnoir.ExpenseRegistry;
				PRODUCT_NAME = "$(TARGET_NAME)";
				SWIFT_EMIT_LOC_STRINGS = YES;
				SWIFT_VERSION = 5.0;
				TARGETED_DEVICE_FAMILY = "1,2";
			};
			name = Debug;
		};
		BC3F567228C222D000952856 /* Release */ = {
			isa = XCBuildConfiguration;
			buildSettings = {
				ASSETCATALOG_COMPILER_APPICON_NAME = AppIcon;
				ASSETCATALOG_COMPILER_GLOBAL_ACCENT_COLOR_NAME = AccentColor;
				CODE_SIGN_STYLE = Automatic;
				CURRENT_PROJECT_VERSION = 1;
				DEVELOPMENT_TEAM = 83EQM3242U;
				GENERATE_INFOPLIST_FILE = YES;
				INFOPLIST_FILE = ExpenseRegistry/Info.plist;
				INFOPLIST_KEY_UIApplicationSupportsIndirectInputEvents = YES;
				INFOPLIST_KEY_UILaunchStoryboardName = LaunchScreen;
				INFOPLIST_KEY_UIMainStoryboardFile = Main;
				INFOPLIST_KEY_UISupportedInterfaceOrientations_iPad = "UIInterfaceOrientationPortrait UIInterfaceOrientationPortraitUpsideDown UIInterfaceOrientationLandscapeLeft UIInterfaceOrientationLandscapeRight";
				INFOPLIST_KEY_UISupportedInterfaceOrientations_iPhone = "UIInterfaceOrientationPortrait UIInterfaceOrientationLandscapeLeft UIInterfaceOrientationLandscapeRight";
				LD_RUNPATH_SEARCH_PATHS = (
					"$(inherited)",
					"@executable_path/Frameworks",
				);
				MARKETING_VERSION = 1.0;
				PRODUCT_BUNDLE_IDENTIFIER = dk.montnoir.ExpenseRegistry;
				PRODUCT_NAME = "$(TARGET_NAME)";
				SWIFT_EMIT_LOC_STRINGS = YES;
				SWIFT_VERSION = 5.0;
				TARGETED_DEVICE_FAMILY = "1,2";
			};
			name = Release;
		};
		BC3F567428C222D000952856 /* Debug */ = {
			isa = XCBuildConfiguration;
			buildSettings = {
				ALWAYS_EMBED_SWIFT_STANDARD_LIBRARIES = YES;
				BUNDLE_LOADER = "$(TEST_HOST)";
				CODE_SIGN_STYLE = Automatic;
				CURRENT_PROJECT_VERSION = 1;
				DEVELOPMENT_TEAM = 83EQM3242U;
				GENERATE_INFOPLIST_FILE = YES;
				IPHONEOS_DEPLOYMENT_TARGET = 15.5;
				MARKETING_VERSION = 1.0;
				PRODUCT_BUNDLE_IDENTIFIER = dk.montnoir.ExpenseRegistryTests;
				PRODUCT_NAME = "$(TARGET_NAME)";
				SWIFT_EMIT_LOC_STRINGS = NO;
				SWIFT_VERSION = 5.0;
				TARGETED_DEVICE_FAMILY = "1,2";
				TEST_HOST = "$(BUILT_PRODUCTS_DIR)/ExpenseRegistry.app/ExpenseRegistry";
			};
			name = Debug;
		};
		BC3F567528C222D000952856 /* Release */ = {
			isa = XCBuildConfiguration;
			buildSettings = {
				ALWAYS_EMBED_SWIFT_STANDARD_LIBRARIES = YES;
				BUNDLE_LOADER = "$(TEST_HOST)";
				CODE_SIGN_STYLE = Automatic;
				CURRENT_PROJECT_VERSION = 1;
				DEVELOPMENT_TEAM = 83EQM3242U;
				GENERATE_INFOPLIST_FILE = YES;
				IPHONEOS_DEPLOYMENT_TARGET = 15.5;
				MARKETING_VERSION = 1.0;
				PRODUCT_BUNDLE_IDENTIFIER = dk.montnoir.ExpenseRegistryTests;
				PRODUCT_NAME = "$(TARGET_NAME)";
				SWIFT_EMIT_LOC_STRINGS = NO;
				SWIFT_VERSION = 5.0;
				TARGETED_DEVICE_FAMILY = "1,2";
				TEST_HOST = "$(BUILT_PRODUCTS_DIR)/ExpenseRegistry.app/ExpenseRegistry";
			};
			name = Release;
		};
		BC3F567728C222D000952856 /* Debug */ = {
			isa = XCBuildConfiguration;
			buildSettings = {
				ALWAYS_EMBED_SWIFT_STANDARD_LIBRARIES = YES;
				CODE_SIGN_STYLE = Automatic;
				CURRENT_PROJECT_VERSION = 1;
				DEVELOPMENT_TEAM = 83EQM3242U;
				GENERATE_INFOPLIST_FILE = YES;
				MARKETING_VERSION = 1.0;
				PRODUCT_BUNDLE_IDENTIFIER = dk.montnoir.ExpenseRegistryUITests;
				PRODUCT_NAME = "$(TARGET_NAME)";
				SWIFT_EMIT_LOC_STRINGS = NO;
				SWIFT_VERSION = 5.0;
				TARGETED_DEVICE_FAMILY = "1,2";
				TEST_TARGET_NAME = ExpenseRegistry;
			};
			name = Debug;
		};
		BC3F567828C222D000952856 /* Release */ = {
			isa = XCBuildConfiguration;
			buildSettings = {
				ALWAYS_EMBED_SWIFT_STANDARD_LIBRARIES = YES;
				CODE_SIGN_STYLE = Automatic;
				CURRENT_PROJECT_VERSION = 1;
				DEVELOPMENT_TEAM = 83EQM3242U;
				GENERATE_INFOPLIST_FILE = YES;
				MARKETING_VERSION = 1.0;
				PRODUCT_BUNDLE_IDENTIFIER = dk.montnoir.ExpenseRegistryUITests;
				PRODUCT_NAME = "$(TARGET_NAME)";
				SWIFT_EMIT_LOC_STRINGS = NO;
				SWIFT_VERSION = 5.0;
				TARGETED_DEVICE_FAMILY = "1,2";
				TEST_TARGET_NAME = ExpenseRegistry;
			};
			name = Release;
		};
/* End XCBuildConfiguration section */

/* Begin XCConfigurationList section */
		BC3F563E28C222CF00952856 /* Build configuration list for PBXProject "ExpenseRegistry" */ = {
			isa = XCConfigurationList;
			buildConfigurations = (
				BC3F566E28C222D000952856 /* Debug */,
				BC3F566F28C222D000952856 /* Release */,
			);
			defaultConfigurationIsVisible = 0;
			defaultConfigurationName = Release;
		};
		BC3F567028C222D000952856 /* Build configuration list for PBXNativeTarget "ExpenseRegistry" */ = {
			isa = XCConfigurationList;
			buildConfigurations = (
				BC3F567128C222D000952856 /* Debug */,
				BC3F567228C222D000952856 /* Release */,
			);
			defaultConfigurationIsVisible = 0;
			defaultConfigurationName = Release;
		};
		BC3F567328C222D000952856 /* Build configuration list for PBXNativeTarget "ExpenseRegistryTests" */ = {
			isa = XCConfigurationList;
			buildConfigurations = (
				BC3F567428C222D000952856 /* Debug */,
				BC3F567528C222D000952856 /* Release */,
			);
			defaultConfigurationIsVisible = 0;
			defaultConfigurationName = Release;
		};
		BC3F567628C222D000952856 /* Build configuration list for PBXNativeTarget "ExpenseRegistryUITests" */ = {
			isa = XCConfigurationList;
			buildConfigurations = (
				BC3F567728C222D000952856 /* Debug */,
				BC3F567828C222D000952856 /* Release */,
			);
			defaultConfigurationIsVisible = 0;
			defaultConfigurationName = Release;
		};
/* End XCConfigurationList section */

/* Begin XCVersionGroup section */
		BC3F564F28C222CF00952856 /* ExpenseRegistry.xcdatamodeld */ = {
			isa = XCVersionGroup;
			children = (
				BC3F565028C222CF00952856 /* ExpenseRegistry.xcdatamodel */,
			);
			currentVersion = BC3F565028C222CF00952856 /* ExpenseRegistry.xcdatamodel */;
			path = ExpenseRegistry.xcdatamodeld;
			sourceTree = "<group>";
			versionGroupType = wrapper.xcdatamodel;
		};
/* End XCVersionGroup section */
	};
	rootObject = BC3F563B28C222CF00952856 /* Project object */;
}
